
Microsoft Visual Studio Solution File, Format Version 12.00
# Visual Studio 14
VisualStudioVersion = 14.0.25420.1
MinimumVisualStudioVersion = 10.0.40219.1
Project("{FAE04EC0-301F-11D3-BF4B-00C04F79EFBC}") = "Home.Automation.Services", "Home.Automation.Services\Home.Automation.Services\Home.Automation.Services.csproj", "{AE2B68F0-5BF1-41C2-A093-611FBB6C56D3}"
EndProject
Project("{FAE04EC0-301F-11D3-BF4B-00C04F79EFBC}") = "Home.Automation.Steam", "Home.Automation.Services\Home.Automation.Steam\Home.Automation.Steam.csproj", "{5F51BEC0-8E6D-422E-BD5E-346D7B748D15}"
EndProject
Project("{FAE04EC0-301F-11D3-BF4B-00C04F79EFBC}") = "Home.Automation.Common", "Home.Automation.Services\Home.Automation.Common\Home.Automation.Common.csproj", "{375B6F7C-8E17-410A-8D41-D2AF07EDA67A}"
EndProject
Project("{FAE04EC0-301F-11D3-BF4B-00C04F79EFBC}") = "Home.Automation.Tests", "Home.Automation.Services\Home.Automation.Tests\Home.Automation.Tests.csproj", "{DA15EE70-14CA-4486-BE83-1384D4A3FC8B}"
EndProject
Project("{FAE04EC0-301F-11D3-BF4B-00C04F79EFBC}") = "Home.Automation.Tests.Integration", "Home.Automation.Services\Home.Automation.Tests.Integration\Home.Automation.Tests.Integration.csproj", "{CAA81B1D-928B-4191-A004-2CDE9988CEC9}"
EndProject
Global
	GlobalSection(SolutionConfigurationPlatforms) = preSolution
		Debug|Any CPU = Debug|Any CPU
		Release|Any CPU = Release|Any CPU
	EndGlobalSection
	GlobalSection(ProjectConfigurationPlatforms) = postSolution
		{AE2B68F0-5BF1-41C2-A093-611FBB6C56D3}.Debug|Any CPU.ActiveCfg = Debug|Any CPU
		{AE2B68F0-5BF1-41C2-A093-611FBB6C56D3}.Debug|Any CPU.Build.0 = Debug|Any CPU
		{AE2B68F0-5BF1-41C2-A093-611FBB6C56D3}.Release|Any CPU.ActiveCfg = Release|Any CPU
		{AE2B68F0-5BF1-41C2-A093-611FBB6C56D3}.Release|Any CPU.Build.0 = Release|Any CPU
		{5F51BEC0-8E6D-422E-BD5E-346D7B748D15}.Debug|Any CPU.ActiveCfg = Debug|Any CPU
		{5F51BEC0-8E6D-422E-BD5E-346D7B748D15}.Debug|Any CPU.Build.0 = Debug|Any CPU
		{5F51BEC0-8E6D-422E-BD5E-346D7B748D15}.Release|Any CPU.ActiveCfg = Release|Any CPU
		{5F51BEC0-8E6D-422E-BD5E-346D7B748D15}.Release|Any CPU.Build.0 = Release|Any CPU
		{375B6F7C-8E17-410A-8D41-D2AF07EDA67A}.Debug|Any CPU.ActiveCfg = Debug|Any CPU
		{375B6F7C-8E17-410A-8D41-D2AF07EDA67A}.Debug|Any CPU.Build.0 = Debug|Any CPU
		{375B6F7C-8E17-410A-8D41-D2AF07EDA67A}.Release|Any CPU.ActiveCfg = Release|Any CPU
		{375B6F7C-8E17-410A-8D41-D2AF07EDA67A}.Release|Any CPU.Build.0 = Release|Any CPU
		{DA15EE70-14CA-4486-BE83-1384D4A3FC8B}.Debug|Any CPU.ActiveCfg = Debug|Any CPU
		{DA15EE70-14CA-4486-BE83-1384D4A3FC8B}.Debug|Any CPU.Build.0 = Debug|Any CPU
		{DA15EE70-14CA-4486-BE83-1384D4A3FC8B}.Release|Any CPU.ActiveCfg = Release|Any CPU
		{DA15EE70-14CA-4486-BE83-1384D4A3FC8B}.Release|Any CPU.Build.0 = Release|Any CPU
		{CAA81B1D-928B-4191-A004-2CDE9988CEC9}.Debug|Any CPU.ActiveCfg = Debug|Any CPU
		{CAA81B1D-928B-4191-A004-2CDE9988CEC9}.Debug|Any CPU.Build.0 = Debug|Any CPU
		{CAA81B1D-928B-4191-A004-2CDE9988CEC9}.Release|Any CPU.ActiveCfg = Release|Any CPU
		{CAA81B1D-928B-4191-A004-2CDE9988CEC9}.Release|Any CPU.Build.0 = Release|Any CPU
	EndGlobalSection
	GlobalSection(SolutionProperties) = preSolution
		HideSolutionNode = FALSE
	EndGlobalSection
EndGlobal
