
Microsoft Visual Studio Solution File, Format Version 12.00
# Visual Studio 14
VisualStudioVersion = 14.0.25420.1
MinimumVisualStudioVersion = 10.0.40219.1
Project("{FAE04EC0-301F-11D3-BF4B-00C04F79EFBC}") = "Home.Automation.Services", "Home.Automation.Services\Home.Automation.Services\Home.Automation.Services.csproj", "{AE2B68F0-5BF1-41C2-A093-611FBB6C56D3}"
EndProject
Project("{FAE04EC0-301F-11D3-BF4B-00C04F79EFBC}") = "Home.Automation.Steam", "Home.Automation.Services\Home.Automation.Steam\Home.Automation.Steam.csproj", "{5F51BEC0-8E6D-422E-BD5E-346D7B748D15}"
EndProject
Project("{FAE04EC0-301F-11D3-BF4B-00C04F79EFBC}") = "Home.Automation.Common", "Home.Automation.Services\Home.Automation.Common\Home.Automation.Common.csproj", "{375B6F7C-8E17-410A-8D41-D2AF07EDA67A}"
EndProject
Project("{FAE04EC0-301F-11D3-BF4B-00C04F79EFBC}") = "Home.Automation.Tests", "Home.Automation.Services\Home.Automation.Tests\Home.Automation.Tests.csproj", "{DA15EE70-14CA-4486-BE83-1384D4A3FC8B}"
EndProject
Project("{FAE04EC0-301F-11D3-BF4B-00C04F79EFBC}") = "Home.Automation.Tests.Integration", "Home.Automation.Services\Home.Automation.Tests.Integration\Home.Automation.Tests.Integration.csproj", "{CAA81B1D-928B-4191-A004-2CDE9988CEC9}"
EndProject
Project("{FAE04EC0-301F-11D3-BF4B-00C04F79EFBC}") = "Home.Automation.Philips.Hue", "Home.Automation.Services\Home.Automation.Philips.Hue\Home.Automation.Philips.Hue.csproj", "{9BC7B8AD-4C99-406F-B2D0-C8358FE1DEB2}"
EndProject
Project("{FAE04EC0-301F-11D3-BF4B-00C04F79EFBC}") = "Home.Automation.Tests.Local", "Home.Automation.Services\Home.Automation.Tests.Local\Home.Automation.Tests.Local.csproj", "{561B9118-E48D-4F98-85B6-847F032300E7}"
EndProject
Project("{FAE04EC0-301F-11D3-BF4B-00C04F79EFBC}") = "Home.Automation.Nest", "Home.Automation.Services\Home.Automation.Nest\Home.Automation.Nest.csproj", "{8FE3DAB7-5293-4FE1-BAAF-ECD4FCDC988E}"
EndProject
Project("{FAE04EC0-301F-11D3-BF4B-00C04F79EFBC}") = "Home.Automation.Speedtest", "Home.Automation.Services\Home.Automation.Speedtest\Home.Automation.Speedtest.csproj", "{3D0F9F0F-429B-4624-8AE8-2855FF67E24B}"
EndProject
Global
	GlobalSection(SolutionConfigurationPlatforms) = preSolution
		Debug|Any CPU = Debug|Any CPU
		Release|Any CPU = Release|Any CPU
	EndGlobalSection
	GlobalSection(ProjectConfigurationPlatforms) = postSolution
		{AE2B68F0-5BF1-41C2-A093-611FBB6C56D3}.Debug|Any CPU.ActiveCfg = Debug|Any CPU
		{AE2B68F0-5BF1-41C2-A093-611FBB6C56D3}.Debug|Any CPU.Build.0 = Debug|Any CPU
		{AE2B68F0-5BF1-41C2-A093-611FBB6C56D3}.Release|Any CPU.ActiveCfg = Release|Any CPU
		{AE2B68F0-5BF1-41C2-A093-611FBB6C56D3}.Release|Any CPU.Build.0 = Release|Any CPU
		{5F51BEC0-8E6D-422E-BD5E-346D7B748D15}.Debug|Any CPU.ActiveCfg = Debug|Any CPU
		{5F51BEC0-8E6D-422E-BD5E-346D7B748D15}.Debug|Any CPU.Build.0 = Debug|Any CPU
		{5F51BEC0-8E6D-422E-BD5E-346D7B748D15}.Release|Any CPU.ActiveCfg = Release|Any CPU
		{5F51BEC0-8E6D-422E-BD5E-346D7B748D15}.Release|Any CPU.Build.0 = Release|Any CPU
		{375B6F7C-8E17-410A-8D41-D2AF07EDA67A}.Debug|Any CPU.ActiveCfg = Debug|Any CPU
		{375B6F7C-8E17-410A-8D41-D2AF07EDA67A}.Debug|Any CPU.Build.0 = Debug|Any CPU
		{375B6F7C-8E17-410A-8D41-D2AF07EDA67A}.Release|Any CPU.ActiveCfg = Release|Any CPU
		{375B6F7C-8E17-410A-8D41-D2AF07EDA67A}.Release|Any CPU.Build.0 = Release|Any CPU
		{DA15EE70-14CA-4486-BE83-1384D4A3FC8B}.Debug|Any CPU.ActiveCfg = Debug|Any CPU
		{DA15EE70-14CA-4486-BE83-1384D4A3FC8B}.Debug|Any CPU.Build.0 = Debug|Any CPU
		{DA15EE70-14CA-4486-BE83-1384D4A3FC8B}.Release|Any CPU.ActiveCfg = Release|Any CPU
		{DA15EE70-14CA-4486-BE83-1384D4A3FC8B}.Release|Any CPU.Build.0 = Release|Any CPU
		{CAA81B1D-928B-4191-A004-2CDE9988CEC9}.Debug|Any CPU.ActiveCfg = Debug|Any CPU
		{CAA81B1D-928B-4191-A004-2CDE9988CEC9}.Debug|Any CPU.Build.0 = Debug|Any CPU
		{CAA81B1D-928B-4191-A004-2CDE9988CEC9}.Release|Any CPU.ActiveCfg = Release|Any CPU
		{CAA81B1D-928B-4191-A004-2CDE9988CEC9}.Release|Any CPU.Build.0 = Release|Any CPU
		{9BC7B8AD-4C99-406F-B2D0-C8358FE1DEB2}.Debug|Any CPU.ActiveCfg = Debug|Any CPU
		{9BC7B8AD-4C99-406F-B2D0-C8358FE1DEB2}.Debug|Any CPU.Build.0 = Debug|Any CPU
		{9BC7B8AD-4C99-406F-B2D0-C8358FE1DEB2}.Release|Any CPU.ActiveCfg = Release|Any CPU
		{9BC7B8AD-4C99-406F-B2D0-C8358FE1DEB2}.Release|Any CPU.Build.0 = Release|Any CPU
		{561B9118-E48D-4F98-85B6-847F032300E7}.Debug|Any CPU.ActiveCfg = Debug|Any CPU
		{561B9118-E48D-4F98-85B6-847F032300E7}.Debug|Any CPU.Build.0 = Debug|Any CPU
		{561B9118-E48D-4F98-85B6-847F032300E7}.Release|Any CPU.ActiveCfg = Release|Any CPU
		{561B9118-E48D-4F98-85B6-847F032300E7}.Release|Any CPU.Build.0 = Release|Any CPU
		{8FE3DAB7-5293-4FE1-BAAF-ECD4FCDC988E}.Debug|Any CPU.ActiveCfg = Debug|Any CPU
		{8FE3DAB7-5293-4FE1-BAAF-ECD4FCDC988E}.Debug|Any CPU.Build.0 = Debug|Any CPU
		{8FE3DAB7-5293-4FE1-BAAF-ECD4FCDC988E}.Release|Any CPU.ActiveCfg = Release|Any CPU
		{8FE3DAB7-5293-4FE1-BAAF-ECD4FCDC988E}.Release|Any CPU.Build.0 = Release|Any CPU
		{3D0F9F0F-429B-4624-8AE8-2855FF67E24B}.Debug|Any CPU.ActiveCfg = Debug|Any CPU
		{3D0F9F0F-429B-4624-8AE8-2855FF67E24B}.Debug|Any CPU.Build.0 = Debug|Any CPU
		{3D0F9F0F-429B-4624-8AE8-2855FF67E24B}.Release|Any CPU.ActiveCfg = Release|Any CPU
		{3D0F9F0F-429B-4624-8AE8-2855FF67E24B}.Release|Any CPU.Build.0 = Release|Any CPU
	EndGlobalSection
	GlobalSection(SolutionProperties) = preSolution
		HideSolutionNode = FALSE
	EndGlobalSection
EndGlobal
